
Microsoft Visual Studio Solution File, Format Version 12.00
# Visual Studio Version 16
VisualStudioVersion = 16.0.29230.61
MinimumVisualStudioVersion = 10.0.40219.1
Project("{FAE04EC0-301F-11D3-BF4B-00C04F79EFBC}") = "WpfAppSqlite", "WpfAppSqlite\WpfAppSqlite.csproj", "{80F1227E-44EC-4382-9BAA-365B1830566E}"
EndProject
Global
	GlobalSection(SolutionConfigurationPlatforms) = preSolution
		Debug|Any CPU = Debug|Any CPU
		Release|Any CPU = Release|Any CPU
	EndGlobalSection
	GlobalSection(ProjectConfigurationPlatforms) = postSolution
		{80F1227E-44EC-4382-9BAA-365B1830566E}.Debug|Any CPU.ActiveCfg = Debug|Any CPU
		{80F1227E-44EC-4382-9BAA-365B1830566E}.Debug|Any CPU.Build.0 = Debug|Any CPU
		{80F1227E-44EC-4382-9BAA-365B1830566E}.Release|Any CPU.ActiveCfg = Release|Any CPU
		{80F1227E-44EC-4382-9BAA-365B1830566E}.Release|Any CPU.Build.0 = Release|Any CPU
	EndGlobalSection
	GlobalSection(SolutionProperties) = preSolution
		HideSolutionNode = FALSE
	EndGlobalSection
	GlobalSection(ExtensibilityGlobals) = postSolution
		SolutionGuid = {801E90DE-196C-4F7F-A6E3-3DE7A10F3B93}
	EndGlobalSection
EndGlobal
